
Microsoft Visual Studio Solution File, Format Version 12.00
# Visual Studio Version 17
VisualStudioVersion = 17.3.32811.315
MinimumVisualStudioVersion = 10.0.40219.1
Project("{F184B08F-C81C-45F6-A57F-5ABD9991F28F}") = "Proyecto_V1", "Proyecto_V1\Proyecto_V1.vbproj", "{FF849EF6-93D4-4B75-BC7D-EB3C58C77130}"
EndProject
Global
	GlobalSection(SolutionConfigurationPlatforms) = preSolution
		Debug|Any CPU = Debug|Any CPU
		Release|Any CPU = Release|Any CPU
	EndGlobalSection
	GlobalSection(ProjectConfigurationPlatforms) = postSolution
		{FF849EF6-93D4-4B75-BC7D-EB3C58C77130}.Debug|Any CPU.ActiveCfg = Debug|Any CPU
		{FF849EF6-93D4-4B75-BC7D-EB3C58C77130}.Debug|Any CPU.Build.0 = Debug|Any CPU
		{FF849EF6-93D4-4B75-BC7D-EB3C58C77130}.Release|Any CPU.ActiveCfg = Release|Any CPU
		{FF849EF6-93D4-4B75-BC7D-EB3C58C77130}.Release|Any CPU.Build.0 = Release|Any CPU
	EndGlobalSection
	GlobalSection(SolutionProperties) = preSolution
		HideSolutionNode = FALSE
	EndGlobalSection
	GlobalSection(ExtensibilityGlobals) = postSolution
		SolutionGuid = {64663DFD-4503-4341-880D-C293A593147E}
	EndGlobalSection
EndGlobal
